
Microsoft Visual Studio Solution File, Format Version 12.00
# Visual Studio 15
VisualStudioVersion = 15.0.26124.0
MinimumVisualStudioVersion = 15.0.26124.0
Project("{F2A71F9B-5D33-465A-A702-920D77279786}") = "OrderTaking", "OrderTaking\OrderTaking.fsproj", "{96EFD5A4-0651-44BB-A65C-656CAD4A3789}"
EndProject
Project("{F2A71F9B-5D33-465A-A702-920D77279786}") = "OrderTakingEvolved", "OrderTakingEvolved\OrderTakingEvolved.fsproj", "{1878CDE7-FF5F-448C-9230-C239A8B6F036}"
EndProject
Global
	GlobalSection(SolutionConfigurationPlatforms) = preSolution
		Debug|Any CPU = Debug|Any CPU
		Debug|x64 = Debug|x64
		Debug|x86 = Debug|x86
		Release|Any CPU = Release|Any CPU
		Release|x64 = Release|x64
		Release|x86 = Release|x86
	EndGlobalSection
	GlobalSection(SolutionProperties) = preSolution
		HideSolutionNode = FALSE
	EndGlobalSection
	GlobalSection(ProjectConfigurationPlatforms) = postSolution
		{96EFD5A4-0651-44BB-A65C-656CAD4A3789}.Debug|Any CPU.ActiveCfg = Debug|Any CPU
		{96EFD5A4-0651-44BB-A65C-656CAD4A3789}.Debug|Any CPU.Build.0 = Debug|Any CPU
		{96EFD5A4-0651-44BB-A65C-656CAD4A3789}.Debug|x64.ActiveCfg = Debug|x64
		{96EFD5A4-0651-44BB-A65C-656CAD4A3789}.Debug|x64.Build.0 = Debug|x64
		{96EFD5A4-0651-44BB-A65C-656CAD4A3789}.Debug|x86.ActiveCfg = Debug|x86
		{96EFD5A4-0651-44BB-A65C-656CAD4A3789}.Debug|x86.Build.0 = Debug|x86
		{96EFD5A4-0651-44BB-A65C-656CAD4A3789}.Release|Any CPU.ActiveCfg = Release|Any CPU
		{96EFD5A4-0651-44BB-A65C-656CAD4A3789}.Release|Any CPU.Build.0 = Release|Any CPU
		{96EFD5A4-0651-44BB-A65C-656CAD4A3789}.Release|x64.ActiveCfg = Release|x64
		{96EFD5A4-0651-44BB-A65C-656CAD4A3789}.Release|x64.Build.0 = Release|x64
		{96EFD5A4-0651-44BB-A65C-656CAD4A3789}.Release|x86.ActiveCfg = Release|x86
		{96EFD5A4-0651-44BB-A65C-656CAD4A3789}.Release|x86.Build.0 = Release|x86
		{1878CDE7-FF5F-448C-9230-C239A8B6F036}.Debug|Any CPU.ActiveCfg = Debug|Any CPU
		{1878CDE7-FF5F-448C-9230-C239A8B6F036}.Debug|Any CPU.Build.0 = Debug|Any CPU
		{1878CDE7-FF5F-448C-9230-C239A8B6F036}.Debug|x64.ActiveCfg = Debug|x64
		{1878CDE7-FF5F-448C-9230-C239A8B6F036}.Debug|x64.Build.0 = Debug|x64
		{1878CDE7-FF5F-448C-9230-C239A8B6F036}.Debug|x86.ActiveCfg = Debug|x86
		{1878CDE7-FF5F-448C-9230-C239A8B6F036}.Debug|x86.Build.0 = Debug|x86
		{1878CDE7-FF5F-448C-9230-C239A8B6F036}.Release|Any CPU.ActiveCfg = Release|Any CPU
		{1878CDE7-FF5F-448C-9230-C239A8B6F036}.Release|Any CPU.Build.0 = Release|Any CPU
		{1878CDE7-FF5F-448C-9230-C239A8B6F036}.Release|x64.ActiveCfg = Release|x64
		{1878CDE7-FF5F-448C-9230-C239A8B6F036}.Release|x64.Build.0 = Release|x64
		{1878CDE7-FF5F-448C-9230-C239A8B6F036}.Release|x86.ActiveCfg = Release|x86
		{1878CDE7-FF5F-448C-9230-C239A8B6F036}.Release|x86.Build.0 = Release|x86
	EndGlobalSection
EndGlobal
