
Microsoft Visual Studio Solution File, Format Version 12.00
# Visual Studio 15
VisualStudioVersion = 15.0.26124.0
MinimumVisualStudioVersion = 15.0.26124.0
Project("{F2A71F9B-5D33-465A-A702-920D77279786}") = "Base", "Base\Base.fsproj", "{C144027E-2B4A-424F-B743-A3B329DBEFA4}"
EndProject
Project("{F2A71F9B-5D33-465A-A702-920D77279786}") = "Base.Test", "Base.Test\Base.Test.fsproj", "{6A01C990-1835-4392-B511-1223E62A4C3C}"
EndProject
Project("{F2A71F9B-5D33-465A-A702-920D77279786}") = "CharPics", "CharPics\CharPics.fsproj", "{6288A094-722F-4CF1-9494-0800909F302F}"
EndProject
Project("{F2A71F9B-5D33-465A-A702-920D77279786}") = "GameOfLife", "GameOfLife\GameOfLife.fsproj", "{293B1BDF-B2BB-40F8-9290-6BBBBFBBE955}"
EndProject
Project("{F2A71F9B-5D33-465A-A702-920D77279786}") = "GameOfLife.Test", "GameOfLife.Test\GameOfLife.Test.fsproj", "{9F446692-131B-48CF-901E-4DE6A532ED3F}"
EndProject
Project("{F2A71F9B-5D33-465A-A702-920D77279786}") = "BinTree", "BinTree\BinTree.fsproj", "{68F7D150-C36A-4641-89B8-11BD48EE7402}"
EndProject
Project("{F2A71F9B-5D33-465A-A702-920D77279786}") = "BinTree.Test", "BinTree.Test\BinTree.Test.fsproj", "{A27FE900-7201-4695-BABA-88405A09297B}"
EndProject
Project("{F2A71F9B-5D33-465A-A702-920D77279786}") = "ParserCombinators", "ParserCombinators\ParserCombinators.fsproj", "{224B2D7C-2835-4338-A79D-0F8AA3251345}"
EndProject
Project("{F2A71F9B-5D33-465A-A702-920D77279786}") = "ParserCombinators.Test", "ParserCombinators.Test\ParserCombinators.Test.fsproj", "{CB505C44-DDCD-494B-B9A0-71AED6686657}"
EndProject
Global
	GlobalSection(SolutionConfigurationPlatforms) = preSolution
		Debug|Any CPU = Debug|Any CPU
		Debug|x64 = Debug|x64
		Debug|x86 = Debug|x86
		Release|Any CPU = Release|Any CPU
		Release|x64 = Release|x64
		Release|x86 = Release|x86
	EndGlobalSection
	GlobalSection(SolutionProperties) = preSolution
		HideSolutionNode = FALSE
	EndGlobalSection
	GlobalSection(ProjectConfigurationPlatforms) = postSolution
		{C144027E-2B4A-424F-B743-A3B329DBEFA4}.Debug|Any CPU.ActiveCfg = Debug|Any CPU
		{C144027E-2B4A-424F-B743-A3B329DBEFA4}.Debug|Any CPU.Build.0 = Debug|Any CPU
		{C144027E-2B4A-424F-B743-A3B329DBEFA4}.Debug|x64.ActiveCfg = Debug|x64
		{C144027E-2B4A-424F-B743-A3B329DBEFA4}.Debug|x64.Build.0 = Debug|x64
		{C144027E-2B4A-424F-B743-A3B329DBEFA4}.Debug|x86.ActiveCfg = Debug|x86
		{C144027E-2B4A-424F-B743-A3B329DBEFA4}.Debug|x86.Build.0 = Debug|x86
		{C144027E-2B4A-424F-B743-A3B329DBEFA4}.Release|Any CPU.ActiveCfg = Release|Any CPU
		{C144027E-2B4A-424F-B743-A3B329DBEFA4}.Release|Any CPU.Build.0 = Release|Any CPU
		{C144027E-2B4A-424F-B743-A3B329DBEFA4}.Release|x64.ActiveCfg = Release|x64
		{C144027E-2B4A-424F-B743-A3B329DBEFA4}.Release|x64.Build.0 = Release|x64
		{C144027E-2B4A-424F-B743-A3B329DBEFA4}.Release|x86.ActiveCfg = Release|x86
		{C144027E-2B4A-424F-B743-A3B329DBEFA4}.Release|x86.Build.0 = Release|x86
		{6A01C990-1835-4392-B511-1223E62A4C3C}.Debug|Any CPU.ActiveCfg = Debug|Any CPU
		{6A01C990-1835-4392-B511-1223E62A4C3C}.Debug|Any CPU.Build.0 = Debug|Any CPU
		{6A01C990-1835-4392-B511-1223E62A4C3C}.Debug|x64.ActiveCfg = Debug|x64
		{6A01C990-1835-4392-B511-1223E62A4C3C}.Debug|x64.Build.0 = Debug|x64
		{6A01C990-1835-4392-B511-1223E62A4C3C}.Debug|x86.ActiveCfg = Debug|x86
		{6A01C990-1835-4392-B511-1223E62A4C3C}.Debug|x86.Build.0 = Debug|x86
		{6A01C990-1835-4392-B511-1223E62A4C3C}.Release|Any CPU.ActiveCfg = Release|Any CPU
		{6A01C990-1835-4392-B511-1223E62A4C3C}.Release|Any CPU.Build.0 = Release|Any CPU
		{6A01C990-1835-4392-B511-1223E62A4C3C}.Release|x64.ActiveCfg = Release|x64
		{6A01C990-1835-4392-B511-1223E62A4C3C}.Release|x64.Build.0 = Release|x64
		{6A01C990-1835-4392-B511-1223E62A4C3C}.Release|x86.ActiveCfg = Release|x86
		{6A01C990-1835-4392-B511-1223E62A4C3C}.Release|x86.Build.0 = Release|x86
		{6288A094-722F-4CF1-9494-0800909F302F}.Debug|Any CPU.ActiveCfg = Debug|Any CPU
		{6288A094-722F-4CF1-9494-0800909F302F}.Debug|Any CPU.Build.0 = Debug|Any CPU
		{6288A094-722F-4CF1-9494-0800909F302F}.Debug|x64.ActiveCfg = Debug|x64
		{6288A094-722F-4CF1-9494-0800909F302F}.Debug|x64.Build.0 = Debug|x64
		{6288A094-722F-4CF1-9494-0800909F302F}.Debug|x86.ActiveCfg = Debug|x86
		{6288A094-722F-4CF1-9494-0800909F302F}.Debug|x86.Build.0 = Debug|x86
		{6288A094-722F-4CF1-9494-0800909F302F}.Release|Any CPU.ActiveCfg = Release|Any CPU
		{6288A094-722F-4CF1-9494-0800909F302F}.Release|Any CPU.Build.0 = Release|Any CPU
		{6288A094-722F-4CF1-9494-0800909F302F}.Release|x64.ActiveCfg = Release|x64
		{6288A094-722F-4CF1-9494-0800909F302F}.Release|x64.Build.0 = Release|x64
		{6288A094-722F-4CF1-9494-0800909F302F}.Release|x86.ActiveCfg = Release|x86
		{6288A094-722F-4CF1-9494-0800909F302F}.Release|x86.Build.0 = Release|x86
		{293B1BDF-B2BB-40F8-9290-6BBBBFBBE955}.Debug|Any CPU.ActiveCfg = Debug|Any CPU
		{293B1BDF-B2BB-40F8-9290-6BBBBFBBE955}.Debug|Any CPU.Build.0 = Debug|Any CPU
		{293B1BDF-B2BB-40F8-9290-6BBBBFBBE955}.Debug|x64.ActiveCfg = Debug|x64
		{293B1BDF-B2BB-40F8-9290-6BBBBFBBE955}.Debug|x64.Build.0 = Debug|x64
		{293B1BDF-B2BB-40F8-9290-6BBBBFBBE955}.Debug|x86.ActiveCfg = Debug|x86
		{293B1BDF-B2BB-40F8-9290-6BBBBFBBE955}.Debug|x86.Build.0 = Debug|x86
		{293B1BDF-B2BB-40F8-9290-6BBBBFBBE955}.Release|Any CPU.ActiveCfg = Release|Any CPU
		{293B1BDF-B2BB-40F8-9290-6BBBBFBBE955}.Release|Any CPU.Build.0 = Release|Any CPU
		{293B1BDF-B2BB-40F8-9290-6BBBBFBBE955}.Release|x64.ActiveCfg = Release|x64
		{293B1BDF-B2BB-40F8-9290-6BBBBFBBE955}.Release|x64.Build.0 = Release|x64
		{293B1BDF-B2BB-40F8-9290-6BBBBFBBE955}.Release|x86.ActiveCfg = Release|x86
		{293B1BDF-B2BB-40F8-9290-6BBBBFBBE955}.Release|x86.Build.0 = Release|x86
		{9F446692-131B-48CF-901E-4DE6A532ED3F}.Debug|Any CPU.ActiveCfg = Debug|Any CPU
		{9F446692-131B-48CF-901E-4DE6A532ED3F}.Debug|Any CPU.Build.0 = Debug|Any CPU
		{9F446692-131B-48CF-901E-4DE6A532ED3F}.Debug|x64.ActiveCfg = Debug|x64
		{9F446692-131B-48CF-901E-4DE6A532ED3F}.Debug|x64.Build.0 = Debug|x64
		{9F446692-131B-48CF-901E-4DE6A532ED3F}.Debug|x86.ActiveCfg = Debug|x86
		{9F446692-131B-48CF-901E-4DE6A532ED3F}.Debug|x86.Build.0 = Debug|x86
		{9F446692-131B-48CF-901E-4DE6A532ED3F}.Release|Any CPU.ActiveCfg = Release|Any CPU
		{9F446692-131B-48CF-901E-4DE6A532ED3F}.Release|Any CPU.Build.0 = Release|Any CPU
		{9F446692-131B-48CF-901E-4DE6A532ED3F}.Release|x64.ActiveCfg = Release|x64
		{9F446692-131B-48CF-901E-4DE6A532ED3F}.Release|x64.Build.0 = Release|x64
		{9F446692-131B-48CF-901E-4DE6A532ED3F}.Release|x86.ActiveCfg = Release|x86
		{9F446692-131B-48CF-901E-4DE6A532ED3F}.Release|x86.Build.0 = Release|x86
		{68F7D150-C36A-4641-89B8-11BD48EE7402}.Debug|Any CPU.ActiveCfg = Debug|Any CPU
		{68F7D150-C36A-4641-89B8-11BD48EE7402}.Debug|Any CPU.Build.0 = Debug|Any CPU
		{68F7D150-C36A-4641-89B8-11BD48EE7402}.Debug|x64.ActiveCfg = Debug|x64
		{68F7D150-C36A-4641-89B8-11BD48EE7402}.Debug|x64.Build.0 = Debug|x64
		{68F7D150-C36A-4641-89B8-11BD48EE7402}.Debug|x86.ActiveCfg = Debug|x86
		{68F7D150-C36A-4641-89B8-11BD48EE7402}.Debug|x86.Build.0 = Debug|x86
		{68F7D150-C36A-4641-89B8-11BD48EE7402}.Release|Any CPU.ActiveCfg = Release|Any CPU
		{68F7D150-C36A-4641-89B8-11BD48EE7402}.Release|Any CPU.Build.0 = Release|Any CPU
		{68F7D150-C36A-4641-89B8-11BD48EE7402}.Release|x64.ActiveCfg = Release|x64
		{68F7D150-C36A-4641-89B8-11BD48EE7402}.Release|x64.Build.0 = Release|x64
		{68F7D150-C36A-4641-89B8-11BD48EE7402}.Release|x86.ActiveCfg = Release|x86
		{68F7D150-C36A-4641-89B8-11BD48EE7402}.Release|x86.Build.0 = Release|x86
		{A27FE900-7201-4695-BABA-88405A09297B}.Debug|Any CPU.ActiveCfg = Debug|Any CPU
		{A27FE900-7201-4695-BABA-88405A09297B}.Debug|Any CPU.Build.0 = Debug|Any CPU
		{A27FE900-7201-4695-BABA-88405A09297B}.Debug|x64.ActiveCfg = Debug|x64
		{A27FE900-7201-4695-BABA-88405A09297B}.Debug|x64.Build.0 = Debug|x64
		{A27FE900-7201-4695-BABA-88405A09297B}.Debug|x86.ActiveCfg = Debug|x86
		{A27FE900-7201-4695-BABA-88405A09297B}.Debug|x86.Build.0 = Debug|x86
		{A27FE900-7201-4695-BABA-88405A09297B}.Release|Any CPU.ActiveCfg = Release|Any CPU
		{A27FE900-7201-4695-BABA-88405A09297B}.Release|Any CPU.Build.0 = Release|Any CPU
		{A27FE900-7201-4695-BABA-88405A09297B}.Release|x64.ActiveCfg = Release|x64
		{A27FE900-7201-4695-BABA-88405A09297B}.Release|x64.Build.0 = Release|x64
		{A27FE900-7201-4695-BABA-88405A09297B}.Release|x86.ActiveCfg = Release|x86
		{A27FE900-7201-4695-BABA-88405A09297B}.Release|x86.Build.0 = Release|x86
		{224B2D7C-2835-4338-A79D-0F8AA3251345}.Debug|Any CPU.ActiveCfg = Debug|Any CPU
		{224B2D7C-2835-4338-A79D-0F8AA3251345}.Debug|Any CPU.Build.0 = Debug|Any CPU
		{224B2D7C-2835-4338-A79D-0F8AA3251345}.Debug|x64.ActiveCfg = Debug|x64
		{224B2D7C-2835-4338-A79D-0F8AA3251345}.Debug|x64.Build.0 = Debug|x64
		{224B2D7C-2835-4338-A79D-0F8AA3251345}.Debug|x86.ActiveCfg = Debug|x86
		{224B2D7C-2835-4338-A79D-0F8AA3251345}.Debug|x86.Build.0 = Debug|x86
		{224B2D7C-2835-4338-A79D-0F8AA3251345}.Release|Any CPU.ActiveCfg = Release|Any CPU
		{224B2D7C-2835-4338-A79D-0F8AA3251345}.Release|Any CPU.Build.0 = Release|Any CPU
		{224B2D7C-2835-4338-A79D-0F8AA3251345}.Release|x64.ActiveCfg = Release|x64
		{224B2D7C-2835-4338-A79D-0F8AA3251345}.Release|x64.Build.0 = Release|x64
		{224B2D7C-2835-4338-A79D-0F8AA3251345}.Release|x86.ActiveCfg = Release|x86
		{224B2D7C-2835-4338-A79D-0F8AA3251345}.Release|x86.Build.0 = Release|x86
		{CB505C44-DDCD-494B-B9A0-71AED6686657}.Debug|Any CPU.ActiveCfg = Debug|Any CPU
		{CB505C44-DDCD-494B-B9A0-71AED6686657}.Debug|Any CPU.Build.0 = Debug|Any CPU
		{CB505C44-DDCD-494B-B9A0-71AED6686657}.Debug|x64.ActiveCfg = Debug|x64
		{CB505C44-DDCD-494B-B9A0-71AED6686657}.Debug|x64.Build.0 = Debug|x64
		{CB505C44-DDCD-494B-B9A0-71AED6686657}.Debug|x86.ActiveCfg = Debug|x86
		{CB505C44-DDCD-494B-B9A0-71AED6686657}.Debug|x86.Build.0 = Debug|x86
		{CB505C44-DDCD-494B-B9A0-71AED6686657}.Release|Any CPU.ActiveCfg = Release|Any CPU
		{CB505C44-DDCD-494B-B9A0-71AED6686657}.Release|Any CPU.Build.0 = Release|Any CPU
		{CB505C44-DDCD-494B-B9A0-71AED6686657}.Release|x64.ActiveCfg = Release|x64
		{CB505C44-DDCD-494B-B9A0-71AED6686657}.Release|x64.Build.0 = Release|x64
		{CB505C44-DDCD-494B-B9A0-71AED6686657}.Release|x86.ActiveCfg = Release|x86
		{CB505C44-DDCD-494B-B9A0-71AED6686657}.Release|x86.Build.0 = Release|x86
	EndGlobalSection
EndGlobal
